
Microsoft Visual Studio Solution File, Format Version 12.00
# Visual Studio 14
VisualStudioVersion = 14.0.23107.0
MinimumVisualStudioVersion = 10.0.40219.1
Project("{F2A71F9B-5D33-465A-A702-920D77279786}") = "ChessData", "ChessData\ChessData.fsproj", "{97C2AA4E-B305-4362-9851-251E03D4731B}"
EndProject
Project("{2150E333-8FDC-42A3-9474-1A3956D46DE8}") = "ChessPgn", "ChessPgn", "{FE32C282-E182-4DCA-825C-6E9D4C725CD9}"
	ProjectSection(SolutionItems) = preProject
		appveyor.yml = appveyor.yml
	EndProjectSection
EndProject
Project("{2150E333-8FDC-42A3-9474-1A3956D46DE8}") = "WorldChampionships", "WorldChampionships", "{6F63215F-C2A2-4D05-9CED-8FF726645CC6}"
	ProjectSection(SolutionItems) = preProject
		ChessPgn\WorldChampionships\02C1LT.pgn = ChessPgn\WorldChampionships\02C1LT.pgn
		ChessPgn\WorldChampionships\02C2LS.pgn = ChessPgn\WorldChampionships\02C2LS.pgn
		ChessPgn\WorldChampionships\02C2TB.pgn = ChessPgn\WorldChampionships\02C2TB.pgn
		ChessPgn\WorldChampionships\02G1.pgn = ChessPgn\WorldChampionships\02G1.pgn
		ChessPgn\WorldChampionships\02G1PO.pgn = ChessPgn\WorldChampionships\02G1PO.pgn
		ChessPgn\WorldChampionships\02G2.pgn = ChessPgn\WorldChampionships\02G2.pgn
		ChessPgn\WorldChampionships\1996KD.pgn = ChessPgn\WorldChampionships\1996KD.pgn
		ChessPgn\WorldChampionships\1997DK.pgn = ChessPgn\WorldChampionships\1997DK.pgn
		ChessPgn\WorldChampionships\57$WC.pgn = ChessPgn\WorldChampionships\57$WC.pgn
		ChessPgn\WorldChampionships\58$WC.pgn = ChessPgn\WorldChampionships\58$WC.pgn
		ChessPgn\WorldChampionships\60$WC.pgn = ChessPgn\WorldChampionships\60$WC.pgn
		ChessPgn\WorldChampionships\61$WC.pgn = ChessPgn\WorldChampionships\61$WC.pgn
		ChessPgn\WorldChampionships\73LENING.pgn = ChessPgn\WorldChampionships\73LENING.pgn
		ChessPgn\WorldChampionships\73PETROP.pgn = ChessPgn\WorldChampionships\73PETROP.pgn
		ChessPgn\WorldChampionships\73POR-PO.pgn = ChessPgn\WorldChampionships\73POR-PO.pgn
		ChessPgn\WorldChampionships\76BIEL.pgn = ChessPgn\WorldChampionships\76BIEL.pgn
		ChessPgn\WorldChampionships\76MANILA.pgn = ChessPgn\WorldChampionships\76MANILA.pgn
		ChessPgn\WorldChampionships\76ROOSEN.pgn = ChessPgn\WorldChampionships\76ROOSEN.pgn
		ChessPgn\WorldChampionships\76VAR-PO.pgn = ChessPgn\WorldChampionships\76VAR-PO.pgn
		ChessPgn\WorldChampionships\79BUD-PO.pgn = ChessPgn\WorldChampionships\79BUD-PO.pgn
		ChessPgn\WorldChampionships\79RIGA.pgn = ChessPgn\WorldChampionships\79RIGA.pgn
		ChessPgn\WorldChampionships\79RIODEJ.pgn = ChessPgn\WorldChampionships\79RIODEJ.pgn
		ChessPgn\WorldChampionships\82LASPAL.pgn = ChessPgn\WorldChampionships\82LASPAL.pgn
		ChessPgn\WorldChampionships\82MOSCOW.pgn = ChessPgn\WorldChampionships\82MOSCOW.pgn
		ChessPgn\WorldChampionships\82TOLUCA.pgn = ChessPgn\WorldChampionships\82TOLUCA.pgn
		ChessPgn\WorldChampionships\83MAL-PO.pgn = ChessPgn\WorldChampionships\83MAL-PO.pgn
		ChessPgn\WorldChampionships\84$WC.pgn = ChessPgn\WorldChampionships\84$WC.pgn
		ChessPgn\WorldChampionships\85$WC.pgn = ChessPgn\WorldChampionships\85$WC.pgn
		ChessPgn\WorldChampionships\85BIEL.pgn = ChessPgn\WorldChampionships\85BIEL.pgn
		ChessPgn\WorldChampionships\85BIELPO.pgn = ChessPgn\WorldChampionships\85BIELPO.pgn
		ChessPgn\WorldChampionships\85MON$CP.pgn = ChessPgn\WorldChampionships\85MON$CP.pgn
		ChessPgn\WorldChampionships\85MON$CT.pgn = ChessPgn\WorldChampionships\85MON$CT.pgn
		ChessPgn\WorldChampionships\85TAXCO.pgn = ChessPgn\WorldChampionships\85TAXCO.pgn
		ChessPgn\WorldChampionships\85TUNIPO.pgn = ChessPgn\WorldChampionships\85TUNIPO.pgn
		ChessPgn\WorldChampionships\85TUNIS.pgn = ChessPgn\WorldChampionships\85TUNIS.pgn
		ChessPgn\WorldChampionships\86$WC.pgn = ChessPgn\WorldChampionships\86$WC.pgn
		ChessPgn\WorldChampionships\86C1KS.pgn = ChessPgn\WorldChampionships\86C1KS.pgn
		ChessPgn\WorldChampionships\86C2SY.pgn = ChessPgn\WorldChampionships\86C2SY.pgn
		ChessPgn\WorldChampionships\86C4SV.pgn = ChessPgn\WorldChampionships\86C4SV.pgn
		ChessPgn\WorldChampionships\86C4YT.pgn = ChessPgn\WorldChampionships\86C4YT.pgn
		ChessPgn\WorldChampionships\87BUDAPE.pgn = ChessPgn\WorldChampionships\87BUDAPE.pgn
		ChessPgn\WorldChampionships\87HAVANA.pgn = ChessPgn\WorldChampionships\87HAVANA.pgn
		ChessPgn\WorldChampionships\87SUBOTI.pgn = ChessPgn\WorldChampionships\87SUBOTI.pgn
		ChessPgn\WorldChampionships\87SZIRAK.pgn = ChessPgn\WorldChampionships\87SZIRAK.pgn
		ChessPgn\WorldChampionships\87TUZ-PO.pgn = ChessPgn\WorldChampionships\87TUZ-PO.pgn
		ChessPgn\WorldChampionships\87TUZLA.pgn = ChessPgn\WorldChampionships\87TUZLA.pgn
		ChessPgn\WorldChampionships\87ZAGREB.pgn = ChessPgn\WorldChampionships\87ZAGREB.pgn
		ChessPgn\WorldChampionships\90AZOV.pgn = ChessPgn\WorldChampionships\90AZOV.pgn
		ChessPgn\WorldChampionships\90GEN-PO.pgn = ChessPgn\WorldChampionships\90GEN-PO.pgn
		ChessPgn\WorldChampionships\90GEN.pgn = ChessPgn\WorldChampionships\90GEN.pgn
		ChessPgn\WorldChampionships\93BIEL.pgn = ChessPgn\WorldChampionships\93BIEL.pgn
		ChessPgn\WorldChampionships\93FWCKT.pgn = ChessPgn\WorldChampionships\93FWCKT.pgn
		ChessPgn\WorldChampionships\93GROPCQ.pgn = ChessPgn\WorldChampionships\93GROPCQ.pgn
		ChessPgn\WorldChampionships\93PWKS-X.pgn = ChessPgn\WorldChampionships\93PWKS-X.pgn
		ChessPgn\WorldChampionships\93PWKS.pgn = ChessPgn\WorldChampionships\93PWKS.pgn
		ChessPgn\WorldChampionships\94F1KG.pgn = ChessPgn\WorldChampionships\94F1KG.pgn
		ChessPgn\WorldChampionships\94F1KS.pgn = ChessPgn\WorldChampionships\94F1KS.pgn
		ChessPgn\WorldChampionships\94F2GK.pgn = ChessPgn\WorldChampionships\94F2GK.pgn
		ChessPgn\WorldChampionships\94F2KA.pgn = ChessPgn\WorldChampionships\94F2KA.pgn
		ChessPgn\WorldChampionships\94F2ST.pgn = ChessPgn\WorldChampionships\94F2ST.pgn
		ChessPgn\WorldChampionships\94F4AY.pgn = ChessPgn\WorldChampionships\94F4AY.pgn
		ChessPgn\WorldChampionships\94F4GA.pgn = ChessPgn\WorldChampionships\94F4GA.pgn
		ChessPgn\WorldChampionships\94F4KV.pgn = ChessPgn\WorldChampionships\94F4KV.pgn
		ChessPgn\WorldChampionships\94F4KY.pgn = ChessPgn\WorldChampionships\94F4KY.pgn
		ChessPgn\WorldChampionships\94F4SK.pgn = ChessPgn\WorldChampionships\94F4SK.pgn
		ChessPgn\WorldChampionships\94F4TL.pgn = ChessPgn\WorldChampionships\94F4TL.pgn
		ChessPgn\WorldChampionships\94P1AK.pgn = ChessPgn\WorldChampionships\94P1AK.pgn
		ChessPgn\WorldChampionships\94P2AA.pgn = ChessPgn\WorldChampionships\94P2AA.pgn
		ChessPgn\WorldChampionships\94P2KS.pgn = ChessPgn\WorldChampionships\94P2KS.pgn
		ChessPgn\WorldChampionships\94P4AR.pgn = ChessPgn\WorldChampionships\94P4AR.pgn
		ChessPgn\WorldChampionships\94P4AT.pgn = ChessPgn\WorldChampionships\94P4AT.pgn
		ChessPgn\WorldChampionships\94P4KK.pgn = ChessPgn\WorldChampionships\94P4KK.pgn
		ChessPgn\WorldChampionships\94P4SG.pgn = ChessPgn\WorldChampionships\94P4SG.pgn
		ChessPgn\WorldChampionships\95PWC.pgn = ChessPgn\WorldChampionships\95PWC.pgn
		ChessPgn\WorldChampionships\96FWC.pgn = ChessPgn\WorldChampionships\96FWC.pgn
		ChessPgn\WorldChampionships\9805ASVK.pgn = ChessPgn\WorldChampionships\9805ASVK.pgn
		ChessPgn\WorldChampionships\9806GKVT.pgn = ChessPgn\WorldChampionships\9806GKVT.pgn
		ChessPgn\WorldChampionships\9809GKJT.pgn = ChessPgn\WorldChampionships\9809GKJT.pgn
		ChessPgn\WorldChampionships\9811GKVK.pgn = ChessPgn\WorldChampionships\9811GKVK.pgn
		ChessPgn\WorldChampionships\9906GKTW.pgn = ChessPgn\WorldChampionships\9906GKTW.pgn
		ChessPgn\WorldChampionships\A0WCKK.pgn = ChessPgn\WorldChampionships\A0WCKK.pgn
		ChessPgn\WorldChampionships\A4WCKL.pgn = ChessPgn\WorldChampionships\A4WCKL.pgn
		ChessPgn\WorldChampionships\A6WCKT.pgn = ChessPgn\WorldChampionships\A6WCKT.pgn
		ChessPgn\WorldChampionships\BOUAZIZ.pgn = ChessPgn\WorldChampionships\BOUAZIZ.pgn
		ChessPgn\WorldChampionships\KAVALEK.pgn = ChessPgn\WorldChampionships\KAVALEK.pgn
		ChessPgn\WorldChampionships\MECKING.pgn = ChessPgn\WorldChampionships\MECKING.pgn
		ChessPgn\WorldChampionships\SOLTBEST.pgn = ChessPgn\WorldChampionships\SOLTBEST.pgn
		ChessPgn\WorldChampionships\V1LONDON.pgn = ChessPgn\WorldChampionships\V1LONDON.pgn
		ChessPgn\WorldChampionships\W2LONDON.pgn = ChessPgn\WorldChampionships\W2LONDON.pgn
		ChessPgn\WorldChampionships\Y3LONDON.pgn = ChessPgn\WorldChampionships\Y3LONDON.pgn
		ChessPgn\WorldChampionships\ZBSTCHES.pgn = ChessPgn\WorldChampionships\ZBSTCHES.pgn
	EndProjectSection
EndProject
Global
	GlobalSection(SolutionConfigurationPlatforms) = preSolution
		Debug|Any CPU = Debug|Any CPU
		Release|Any CPU = Release|Any CPU
	EndGlobalSection
	GlobalSection(ProjectConfigurationPlatforms) = postSolution
		{97C2AA4E-B305-4362-9851-251E03D4731B}.Debug|Any CPU.ActiveCfg = Debug|Any CPU
		{97C2AA4E-B305-4362-9851-251E03D4731B}.Debug|Any CPU.Build.0 = Debug|Any CPU
		{97C2AA4E-B305-4362-9851-251E03D4731B}.Release|Any CPU.ActiveCfg = Release|Any CPU
		{97C2AA4E-B305-4362-9851-251E03D4731B}.Release|Any CPU.Build.0 = Release|Any CPU
	EndGlobalSection
	GlobalSection(SolutionProperties) = preSolution
		HideSolutionNode = FALSE
	EndGlobalSection
	GlobalSection(NestedProjects) = preSolution
		{6F63215F-C2A2-4D05-9CED-8FF726645CC6} = {FE32C282-E182-4DCA-825C-6E9D4C725CD9}
	EndGlobalSection
EndGlobal
